
Microsoft Visual Studio Solution File, Format Version 12.00
Project("{FAE04EC0-301F-11D3-BF4B-00C04F79EFBC}") = "HaLowNetwork.WSG300NRC.Monitoring.Blazor", "HaLowNetwork.WSG300NRC.Monitoring.Blazor\HaLowNetwork.WSG300NRC.Monitoring.Blazor.csproj", "{DA86736D-73D5-4E54-AE24-0A6FFCC8CD5B}"
EndProject
Project("{FAE04EC0-301F-11D3-BF4B-00C04F79EFBC}") = "HaLowNetwork.Utils", "HaLowNetwork.Utils\HaLowNetwork.Utils.csproj", "{92EDB0DE-EBDA-45D0-A04D-52102F0DDF16}"
EndProject
Project("{FAE04EC0-301F-11D3-BF4B-00C04F79EFBC}") = "HaLow.Console.Serial.Test", "HaLow.Console.Serial.Test\HaLow.Console.Serial.Test.csproj", "{5F699D0A-A0B5-470E-AA83-2C6FB37C60DB}"
EndProject
Project("{FAE04EC0-301F-11D3-BF4B-00C04F79EFBC}") = "HaLowNetwork.WSG300NRC.Parse", "HaLowNetwork.WSG300NRC.Parse\HaLowNetwork.WSG300NRC.Parse.csproj", "{C6E5EA6D-607B-46EA-917F-76B6416567DA}"
EndProject
Project("{FAE04EC0-301F-11D3-BF4B-00C04F79EFBC}") = "HaLowNetwork.Blazor.Components", "HaLowNetwork.Blazor.Components\HaLowNetwork.Blazor.Components.csproj", "{992ED262-BE28-4B47-BEAF-FD3708A09ED4}"
EndProject
Project("{FAE04EC0-301F-11D3-BF4B-00C04F79EFBC}") = "HaLowNetwork.SX-NEWAH-EVK.Monitoring.Blazor", "HaLowNetwork.SX-NEWAH-EVK.Monitoring.Blazor\HaLowNetwork.SX-NEWAH-EVK.Monitoring.Blazor.csproj", "{29618FCE-9189-4830-A4E9-B6877760E9FC}"
EndProject
Project("{FAE04EC0-301F-11D3-BF4B-00C04F79EFBC}") = "HaLow.Console.SSH.Test", "HaLow.Console.SSH.Test\HaLow.Console.SSH.Test.csproj", "{929EF81B-17AE-469A-A3C3-76292D243BEE}"
EndProject
Project("{FAE04EC0-301F-11D3-BF4B-00C04F79EFBC}") = "HaLowNetwork.SX-NEWAH-EVK.Parse", "HaLowNetwork.SX-NEWAH-EVK.Parse\HaLowNetwork.SX-NEWAH-EVK.Parse.csproj", "{BCE9A246-3241-4920-A914-B6F3B5A746CD}"
EndProject
Project("{FAE04EC0-301F-11D3-BF4B-00C04F79EFBC}") = "HaLow.Raspbian", "HaLow.Raspbian\HaLow.Raspbian.csproj", "{233FC2B1-B06D-419F-9AB2-339B56A7EF23}"
EndProject
Project("{FAE04EC0-301F-11D3-BF4B-00C04F79EFBC}") = "HaLowNetwork.Blazor.Components.Ssh", "HaLowNetwork.Blazor.Components.Ssh\HaLowNetwork.Blazor.Components.Ssh.csproj", "{12518FA5-C14A-4625-9C86-73B560C6D58D}"
EndProject
Global
	GlobalSection(SolutionConfigurationPlatforms) = preSolution
		Debug|Any CPU = Debug|Any CPU
		Release|Any CPU = Release|Any CPU
	EndGlobalSection
	GlobalSection(ProjectConfigurationPlatforms) = postSolution
		{DA86736D-73D5-4E54-AE24-0A6FFCC8CD5B}.Debug|Any CPU.ActiveCfg = Debug|Any CPU
		{DA86736D-73D5-4E54-AE24-0A6FFCC8CD5B}.Debug|Any CPU.Build.0 = Debug|Any CPU
		{DA86736D-73D5-4E54-AE24-0A6FFCC8CD5B}.Release|Any CPU.ActiveCfg = Release|Any CPU
		{DA86736D-73D5-4E54-AE24-0A6FFCC8CD5B}.Release|Any CPU.Build.0 = Release|Any CPU
		{92EDB0DE-EBDA-45D0-A04D-52102F0DDF16}.Debug|Any CPU.ActiveCfg = Debug|Any CPU
		{92EDB0DE-EBDA-45D0-A04D-52102F0DDF16}.Debug|Any CPU.Build.0 = Debug|Any CPU
		{92EDB0DE-EBDA-45D0-A04D-52102F0DDF16}.Release|Any CPU.ActiveCfg = Release|Any CPU
		{92EDB0DE-EBDA-45D0-A04D-52102F0DDF16}.Release|Any CPU.Build.0 = Release|Any CPU
		{5F699D0A-A0B5-470E-AA83-2C6FB37C60DB}.Debug|Any CPU.ActiveCfg = Debug|Any CPU
		{5F699D0A-A0B5-470E-AA83-2C6FB37C60DB}.Debug|Any CPU.Build.0 = Debug|Any CPU
		{5F699D0A-A0B5-470E-AA83-2C6FB37C60DB}.Release|Any CPU.ActiveCfg = Release|Any CPU
		{5F699D0A-A0B5-470E-AA83-2C6FB37C60DB}.Release|Any CPU.Build.0 = Release|Any CPU
		{C6E5EA6D-607B-46EA-917F-76B6416567DA}.Debug|Any CPU.ActiveCfg = Debug|Any CPU
		{C6E5EA6D-607B-46EA-917F-76B6416567DA}.Debug|Any CPU.Build.0 = Debug|Any CPU
		{C6E5EA6D-607B-46EA-917F-76B6416567DA}.Release|Any CPU.ActiveCfg = Release|Any CPU
		{C6E5EA6D-607B-46EA-917F-76B6416567DA}.Release|Any CPU.Build.0 = Release|Any CPU
		{992ED262-BE28-4B47-BEAF-FD3708A09ED4}.Debug|Any CPU.ActiveCfg = Debug|Any CPU
		{992ED262-BE28-4B47-BEAF-FD3708A09ED4}.Debug|Any CPU.Build.0 = Debug|Any CPU
		{992ED262-BE28-4B47-BEAF-FD3708A09ED4}.Release|Any CPU.ActiveCfg = Release|Any CPU
		{992ED262-BE28-4B47-BEAF-FD3708A09ED4}.Release|Any CPU.Build.0 = Release|Any CPU
		{29618FCE-9189-4830-A4E9-B6877760E9FC}.Debug|Any CPU.ActiveCfg = Debug|Any CPU
		{29618FCE-9189-4830-A4E9-B6877760E9FC}.Debug|Any CPU.Build.0 = Debug|Any CPU
		{29618FCE-9189-4830-A4E9-B6877760E9FC}.Release|Any CPU.ActiveCfg = Release|Any CPU
		{29618FCE-9189-4830-A4E9-B6877760E9FC}.Release|Any CPU.Build.0 = Release|Any CPU
		{929EF81B-17AE-469A-A3C3-76292D243BEE}.Debug|Any CPU.ActiveCfg = Debug|Any CPU
		{929EF81B-17AE-469A-A3C3-76292D243BEE}.Debug|Any CPU.Build.0 = Debug|Any CPU
		{929EF81B-17AE-469A-A3C3-76292D243BEE}.Release|Any CPU.ActiveCfg = Release|Any CPU
		{929EF81B-17AE-469A-A3C3-76292D243BEE}.Release|Any CPU.Build.0 = Release|Any CPU
		{BCE9A246-3241-4920-A914-B6F3B5A746CD}.Debug|Any CPU.ActiveCfg = Debug|Any CPU
		{BCE9A246-3241-4920-A914-B6F3B5A746CD}.Debug|Any CPU.Build.0 = Debug|Any CPU
		{BCE9A246-3241-4920-A914-B6F3B5A746CD}.Release|Any CPU.ActiveCfg = Release|Any CPU
		{BCE9A246-3241-4920-A914-B6F3B5A746CD}.Release|Any CPU.Build.0 = Release|Any CPU
		{233FC2B1-B06D-419F-9AB2-339B56A7EF23}.Debug|Any CPU.ActiveCfg = Debug|Any CPU
		{233FC2B1-B06D-419F-9AB2-339B56A7EF23}.Debug|Any CPU.Build.0 = Debug|Any CPU
		{233FC2B1-B06D-419F-9AB2-339B56A7EF23}.Release|Any CPU.ActiveCfg = Release|Any CPU
		{233FC2B1-B06D-419F-9AB2-339B56A7EF23}.Release|Any CPU.Build.0 = Release|Any CPU
		{12518FA5-C14A-4625-9C86-73B560C6D58D}.Debug|Any CPU.ActiveCfg = Debug|Any CPU
		{12518FA5-C14A-4625-9C86-73B560C6D58D}.Debug|Any CPU.Build.0 = Debug|Any CPU
		{12518FA5-C14A-4625-9C86-73B560C6D58D}.Release|Any CPU.ActiveCfg = Release|Any CPU
		{12518FA5-C14A-4625-9C86-73B560C6D58D}.Release|Any CPU.Build.0 = Release|Any CPU
	EndGlobalSection
EndGlobal
